
Microsoft Visual Studio Solution File, Format Version 12.00
# Visual Studio Version 17
VisualStudioVersion = 17.4.33213.308
MinimumVisualStudioVersion = 10.0.40219.1
Project("{FAE04EC0-301F-11D3-BF4B-00C04F79EFBC}") = "HRcalc", "HRcalc\HRcalc.csproj", "{6268600F-87C1-4653-A2EB-690A87978144}"
EndProject
Global
	GlobalSection(SolutionConfigurationPlatforms) = preSolution
		Debug|Any CPU = Debug|Any CPU
		Release|Any CPU = Release|Any CPU
	EndGlobalSection
	GlobalSection(ProjectConfigurationPlatforms) = postSolution
		{6268600F-87C1-4653-A2EB-690A87978144}.Debug|Any CPU.ActiveCfg = Debug|Any CPU
		{6268600F-87C1-4653-A2EB-690A87978144}.Debug|Any CPU.Build.0 = Debug|Any CPU
		{6268600F-87C1-4653-A2EB-690A87978144}.Release|Any CPU.ActiveCfg = Release|Any CPU
		{6268600F-87C1-4653-A2EB-690A87978144}.Release|Any CPU.Build.0 = Release|Any CPU
	EndGlobalSection
	GlobalSection(SolutionProperties) = preSolution
		HideSolutionNode = FALSE
	EndGlobalSection
	GlobalSection(ExtensibilityGlobals) = postSolution
		SolutionGuid = {41BB7F68-DAA6-4237-ACE6-F97F4A9D417D}
	EndGlobalSection
EndGlobal
